// !$*UTF8*$!
{
	archiveVersion = 1;
	classes = {
	};
	objectVersion = 56;
	objects = {

/* Begin PBXBuildFile section */
		36050F652A3213BF00D6670F /* WeatherManager.swift in Sources */ = {isa = PBXBuildFile; fileRef = 36050F642A3213BF00D6670F /* WeatherManager.swift */; };
		36050F672A3221A100D6670F /* WeatherData.swift in Sources */ = {isa = PBXBuildFile; fileRef = 36050F662A3221A100D6670F /* WeatherData.swift */; };
		36050F692A322B4B00D6670F /* WeatherModel.swift in Sources */ = {isa = PBXBuildFile; fileRef = 36050F682A322B4B00D6670F /* WeatherModel.swift */; };
		36252E912A30E89E0054392F /* WeatherViewController.swift in Sources */ = {isa = PBXBuildFile; fileRef = 36252E902A30E89E0054392F /* WeatherViewController.swift */; };
		3653F8122A39C022007BE076 /* ExchangeManager.swift in Sources */ = {isa = PBXBuildFile; fileRef = 3653F8112A39C022007BE076 /* ExchangeManager.swift */; };
		3653F8142A3B0A1F007BE076 /* ExchangeData.swift in Sources */ = {isa = PBXBuildFile; fileRef = 3653F8132A3B0A1F007BE076 /* ExchangeData.swift */; };
		365591D72A3EF7ED00B390CC /* ExchangeModel.swift in Sources */ = {isa = PBXBuildFile; fileRef = 365591D62A3EF7ED00B390CC /* ExchangeModel.swift */; };
		36A8B24E2A600E39005218CA /* TranslateManager.swift in Sources */ = {isa = PBXBuildFile; fileRef = 36A8B24D2A600E39005218CA /* TranslateManager.swift */; };
		36BDBD482A16222B004EB5D4 /* AppDelegate.swift in Sources */ = {isa = PBXBuildFile; fileRef = 36BDBD472A16222B004EB5D4 /* AppDelegate.swift */; };
		36BDBD4A2A16222B004EB5D4 /* SceneDelegate.swift in Sources */ = {isa = PBXBuildFile; fileRef = 36BDBD492A16222B004EB5D4 /* SceneDelegate.swift */; };
		36BDBD4C2A16222B004EB5D4 /* ViewController.swift in Sources */ = {isa = PBXBuildFile; fileRef = 36BDBD4B2A16222B004EB5D4 /* ViewController.swift */; };
		36BDBD4F2A16222B004EB5D4 /* Main.storyboard in Resources */ = {isa = PBXBuildFile; fileRef = 36BDBD4D2A16222B004EB5D4 /* Main.storyboard */; };
		36BDBD522A16222B004EB5D4 /* Voyage.xcdatamodeld in Sources */ = {isa = PBXBuildFile; fileRef = 36BDBD502A16222B004EB5D4 /* Voyage.xcdatamodeld */; };
		36BDBD542A16222D004EB5D4 /* Assets.xcassets in Resources */ = {isa = PBXBuildFile; fileRef = 36BDBD532A16222D004EB5D4 /* Assets.xcassets */; };
		36BDBD572A16222D004EB5D4 /* LaunchScreen.storyboard in Resources */ = {isa = PBXBuildFile; fileRef = 36BDBD552A16222D004EB5D4 /* LaunchScreen.storyboard */; };
		36BDBD622A16222D004EB5D4 /* VoyageTests.swift in Sources */ = {isa = PBXBuildFile; fileRef = 36BDBD612A16222D004EB5D4 /* VoyageTests.swift */; };
		36BDBD6C2A16222D004EB5D4 /* VoyageUITests.swift in Sources */ = {isa = PBXBuildFile; fileRef = 36BDBD6B2A16222D004EB5D4 /* VoyageUITests.swift */; };
		36BDBD6E2A16222D004EB5D4 /* VoyageUITestsLaunchTests.swift in Sources */ = {isa = PBXBuildFile; fileRef = 36BDBD6D2A16222D004EB5D4 /* VoyageUITestsLaunchTests.swift */; };
		36BDBD862A163ED2004EB5D4 /* ExchangeViewController.swift in Sources */ = {isa = PBXBuildFile; fileRef = 36BDBD852A163ED2004EB5D4 /* ExchangeViewController.swift */; };
		36BDBD882A163EE9004EB5D4 /* TranslateTableViewController.swift in Sources */ = {isa = PBXBuildFile; fileRef = 36BDBD872A163EE9004EB5D4 /* TranslateTableViewController.swift */; };
/* End PBXBuildFile section */

/* Begin PBXContainerItemProxy section */
		36BDBD5E2A16222D004EB5D4 /* PBXContainerItemProxy */ = {
			isa = PBXContainerItemProxy;
			containerPortal = 36BDBD3C2A16222B004EB5D4 /* Project object */;
			proxyType = 1;
			remoteGlobalIDString = 36BDBD432A16222B004EB5D4;
			remoteInfo = Voyage;
		};
		36BDBD682A16222D004EB5D4 /* PBXContainerItemProxy */ = {
			isa = PBXContainerItemProxy;
			containerPortal = 36BDBD3C2A16222B004EB5D4 /* Project object */;
			proxyType = 1;
			remoteGlobalIDString = 36BDBD432A16222B004EB5D4;
			remoteInfo = Voyage;
		};
/* End PBXContainerItemProxy section */

/* Begin PBXFileReference section */
		36050F642A3213BF00D6670F /* WeatherManager.swift */ = {isa = PBXFileReference; lastKnownFileType = sourcecode.swift; path = WeatherManager.swift; sourceTree = "<group>"; };
		36050F662A3221A100D6670F /* WeatherData.swift */ = {isa = PBXFileReference; lastKnownFileType = sourcecode.swift; path = WeatherData.swift; sourceTree = "<group>"; };
		36050F682A322B4B00D6670F /* WeatherModel.swift */ = {isa = PBXFileReference; lastKnownFileType = sourcecode.swift; path = WeatherModel.swift; sourceTree = "<group>"; };
		36252E902A30E89E0054392F /* WeatherViewController.swift */ = {isa = PBXFileReference; lastKnownFileType = sourcecode.swift; path = WeatherViewController.swift; sourceTree = "<group>"; };
		3653F8112A39C022007BE076 /* ExchangeManager.swift */ = {isa = PBXFileReference; lastKnownFileType = sourcecode.swift; path = ExchangeManager.swift; sourceTree = "<group>"; };
		3653F8132A3B0A1F007BE076 /* ExchangeData.swift */ = {isa = PBXFileReference; lastKnownFileType = sourcecode.swift; path = ExchangeData.swift; sourceTree = "<group>"; };
		365591D62A3EF7ED00B390CC /* ExchangeModel.swift */ = {isa = PBXFileReference; lastKnownFileType = sourcecode.swift; path = ExchangeModel.swift; sourceTree = "<group>"; };
		36A8B24D2A600E39005218CA /* TranslateManager.swift */ = {isa = PBXFileReference; lastKnownFileType = sourcecode.swift; path = TranslateManager.swift; sourceTree = "<group>"; };
		36BDBD442A16222B004EB5D4 /* Voyage.app */ = {isa = PBXFileReference; explicitFileType = wrapper.application; includeInIndex = 0; path = Voyage.app; sourceTree = BUILT_PRODUCTS_DIR; };
		36BDBD472A16222B004EB5D4 /* AppDelegate.swift */ = {isa = PBXFileReference; lastKnownFileType = sourcecode.swift; path = AppDelegate.swift; sourceTree = "<group>"; };
		36BDBD492A16222B004EB5D4 /* SceneDelegate.swift */ = {isa = PBXFileReference; lastKnownFileType = sourcecode.swift; path = SceneDelegate.swift; sourceTree = "<group>"; };
		36BDBD4B2A16222B004EB5D4 /* ViewController.swift */ = {isa = PBXFileReference; lastKnownFileType = sourcecode.swift; path = ViewController.swift; sourceTree = "<group>"; };
		36BDBD4E2A16222B004EB5D4 /* Base */ = {isa = PBXFileReference; lastKnownFileType = file.storyboard; name = Base; path = Base.lproj/Main.storyboard; sourceTree = "<group>"; };
		36BDBD512A16222B004EB5D4 /* Voyage.xcdatamodel */ = {isa = PBXFileReference; lastKnownFileType = wrapper.xcdatamodel; path = Voyage.xcdatamodel; sourceTree = "<group>"; };
		36BDBD532A16222D004EB5D4 /* Assets.xcassets */ = {isa = PBXFileReference; lastKnownFileType = folder.assetcatalog; path = Assets.xcassets; sourceTree = "<group>"; };
		36BDBD562A16222D004EB5D4 /* Base */ = {isa = PBXFileReference; lastKnownFileType = file.storyboard; name = Base; path = Base.lproj/LaunchScreen.storyboard; sourceTree = "<group>"; };
		36BDBD582A16222D004EB5D4 /* Info.plist */ = {isa = PBXFileReference; lastKnownFileType = text.plist.xml; path = Info.plist; sourceTree = "<group>"; };
		36BDBD5D2A16222D004EB5D4 /* VoyageTests.xctest */ = {isa = PBXFileReference; explicitFileType = wrapper.cfbundle; includeInIndex = 0; path = VoyageTests.xctest; sourceTree = BUILT_PRODUCTS_DIR; };
		36BDBD612A16222D004EB5D4 /* VoyageTests.swift */ = {isa = PBXFileReference; lastKnownFileType = sourcecode.swift; path = VoyageTests.swift; sourceTree = "<group>"; };
		36BDBD672A16222D004EB5D4 /* VoyageUITests.xctest */ = {isa = PBXFileReference; explicitFileType = wrapper.cfbundle; includeInIndex = 0; path = VoyageUITests.xctest; sourceTree = BUILT_PRODUCTS_DIR; };
		36BDBD6B2A16222D004EB5D4 /* VoyageUITests.swift */ = {isa = PBXFileReference; lastKnownFileType = sourcecode.swift; path = VoyageUITests.swift; sourceTree = "<group>"; };
		36BDBD6D2A16222D004EB5D4 /* VoyageUITestsLaunchTests.swift */ = {isa = PBXFileReference; lastKnownFileType = sourcecode.swift; path = VoyageUITestsLaunchTests.swift; sourceTree = "<group>"; };
		36BDBD852A163ED2004EB5D4 /* ExchangeViewController.swift */ = {isa = PBXFileReference; lastKnownFileType = sourcecode.swift; path = ExchangeViewController.swift; sourceTree = "<group>"; };
		36BDBD872A163EE9004EB5D4 /* TranslateTableViewController.swift */ = {isa = PBXFileReference; lastKnownFileType = sourcecode.swift; path = TranslateTableViewController.swift; sourceTree = "<group>"; };
/* End PBXFileReference section */

/* Begin PBXFrameworksBuildPhase section */
		36BDBD412A16222B004EB5D4 /* Frameworks */ = {
			isa = PBXFrameworksBuildPhase;
			buildActionMask = 2147483647;
			files = (
			);
			runOnlyForDeploymentPostprocessing = 0;
		};
		36BDBD5A2A16222D004EB5D4 /* Frameworks */ = {
			isa = PBXFrameworksBuildPhase;
			buildActionMask = 2147483647;
			files = (
			);
			runOnlyForDeploymentPostprocessing = 0;
		};
		36BDBD642A16222D004EB5D4 /* Frameworks */ = {
			isa = PBXFrameworksBuildPhase;
			buildActionMask = 2147483647;
			files = (
			);
			runOnlyForDeploymentPostprocessing = 0;
		};
/* End PBXFrameworksBuildPhase section */

/* Begin PBXGroup section */
		36A8B24C2A5F05E3005218CA /* Support */ = {
			isa = PBXGroup;
			children = (
				36BDBD472A16222B004EB5D4 /* AppDelegate.swift */,
				36BDBD492A16222B004EB5D4 /* SceneDelegate.swift */,
				36BDBD4B2A16222B004EB5D4 /* ViewController.swift */,
			);
			path = Support;
			sourceTree = "<group>";
		};
		36BDBD3B2A16222B004EB5D4 = {
			isa = PBXGroup;
			children = (
				36BDBD462A16222B004EB5D4 /* Voyage */,
				36BDBD602A16222D004EB5D4 /* VoyageTests */,
				36BDBD6A2A16222D004EB5D4 /* VoyageUITests */,
				36BDBD452A16222B004EB5D4 /* Products */,
			);
			sourceTree = "<group>";
		};
		36BDBD452A16222B004EB5D4 /* Products */ = {
			isa = PBXGroup;
			children = (
				36BDBD442A16222B004EB5D4 /* Voyage.app */,
				36BDBD5D2A16222D004EB5D4 /* VoyageTests.xctest */,
				36BDBD672A16222D004EB5D4 /* VoyageUITests.xctest */,
			);
			name = Products;
			sourceTree = "<group>";
		};
		36BDBD462A16222B004EB5D4 /* Voyage */ = {
			isa = PBXGroup;
			children = (
				36A8B24C2A5F05E3005218CA /* Support */,
				36BDBD7A2A1622D7004EB5D4 /* Model */,
				36BDBD7C2A162300004EB5D4 /* View */,
				36BDBD7B2A1622E4004EB5D4 /* Controller */,
				36BDBD582A16222D004EB5D4 /* Info.plist */,
				36BDBD502A16222B004EB5D4 /* Voyage.xcdatamodeld */,
			);
			path = Voyage;
			sourceTree = "<group>";
		};
		36BDBD602A16222D004EB5D4 /* VoyageTests */ = {
			isa = PBXGroup;
			children = (
				36BDBD612A16222D004EB5D4 /* VoyageTests.swift */,
			);
			path = VoyageTests;
			sourceTree = "<group>";
		};
		36BDBD6A2A16222D004EB5D4 /* VoyageUITests */ = {
			isa = PBXGroup;
			children = (
				36BDBD6B2A16222D004EB5D4 /* VoyageUITests.swift */,
				36BDBD6D2A16222D004EB5D4 /* VoyageUITestsLaunchTests.swift */,
			);
			path = VoyageUITests;
			sourceTree = "<group>";
		};
		36BDBD7A2A1622D7004EB5D4 /* Model */ = {
			isa = PBXGroup;
			children = (
				36BDBD822A163D84004EB5D4 /* CurencyExchange */,
				36BDBD812A163D77004EB5D4 /* Weather */,
				36BDBD802A163D57004EB5D4 /* Translate */,
			);
			path = Model;
			sourceTree = "<group>";
		};
		36BDBD7B2A1622E4004EB5D4 /* Controller */ = {
			isa = PBXGroup;
			children = (
				36BDBD7F2A163D29004EB5D4 /* WeatherController */,
				36BDBD7E2A163D02004EB5D4 /* ExchangeController */,
				36BDBD7D2A163CD2004EB5D4 /* TranslateController */,
			);
			path = Controller;
			sourceTree = "<group>";
		};
		36BDBD7C2A162300004EB5D4 /* View */ = {
			isa = PBXGroup;
			children = (
				36BDBD4D2A16222B004EB5D4 /* Main.storyboard */,
				36BDBD532A16222D004EB5D4 /* Assets.xcassets */,
				36BDBD552A16222D004EB5D4 /* LaunchScreen.storyboard */,
			);
			path = View;
			sourceTree = "<group>";
		};
		36BDBD7D2A163CD2004EB5D4 /* TranslateController */ = {
			isa = PBXGroup;
			children = (
				36BDBD872A163EE9004EB5D4 /* TranslateTableViewController.swift */,
			);
			path = TranslateController;
			sourceTree = "<group>";
		};
		36BDBD7E2A163D02004EB5D4 /* ExchangeController */ = {
			isa = PBXGroup;
			children = (
				36BDBD852A163ED2004EB5D4 /* ExchangeViewController.swift */,
			);
			path = ExchangeController;
			sourceTree = "<group>";
		};
		36BDBD7F2A163D29004EB5D4 /* WeatherController */ = {
			isa = PBXGroup;
			children = (
				36252E902A30E89E0054392F /* WeatherViewController.swift */,
			);
			path = WeatherController;
			sourceTree = "<group>";
		};
		36BDBD802A163D57004EB5D4 /* Translate */ = {
			isa = PBXGroup;
			children = (
				36A8B24D2A600E39005218CA /* TranslateManager.swift */,
			);
			path = Translate;
			sourceTree = "<group>";
		};
		36BDBD812A163D77004EB5D4 /* Weather */ = {
			isa = PBXGroup;
			children = (
				36050F642A3213BF00D6670F /* WeatherManager.swift */,
				36050F662A3221A100D6670F /* WeatherData.swift */,
				36050F682A322B4B00D6670F /* WeatherModel.swift */,
			);
			path = Weather;
			sourceTree = "<group>";
		};
		36BDBD822A163D84004EB5D4 /* CurencyExchange */ = {
			isa = PBXGroup;
			children = (
				3653F8112A39C022007BE076 /* ExchangeManager.swift */,
				3653F8132A3B0A1F007BE076 /* ExchangeData.swift */,
				365591D62A3EF7ED00B390CC /* ExchangeModel.swift */,
			);
			path = CurencyExchange;
			sourceTree = "<group>";
		};
/* End PBXGroup section */

/* Begin PBXNativeTarget section */
		36BDBD432A16222B004EB5D4 /* Voyage */ = {
			isa = PBXNativeTarget;
			buildConfigurationList = 36BDBD712A16222D004EB5D4 /* Build configuration list for PBXNativeTarget "Voyage" */;
			buildPhases = (
				36BDBD402A16222B004EB5D4 /* Sources */,
				36BDBD412A16222B004EB5D4 /* Frameworks */,
				36BDBD422A16222B004EB5D4 /* Resources */,
			);
			buildRules = (
			);
			dependencies = (
			);
			name = Voyage;
			productName = Voyage;
			productReference = 36BDBD442A16222B004EB5D4 /* Voyage.app */;
			productType = "com.apple.product-type.application";
		};
		36BDBD5C2A16222D004EB5D4 /* VoyageTests */ = {
			isa = PBXNativeTarget;
			buildConfigurationList = 36BDBD742A16222D004EB5D4 /* Build configuration list for PBXNativeTarget "VoyageTests" */;
			buildPhases = (
				36BDBD592A16222D004EB5D4 /* Sources */,
				36BDBD5A2A16222D004EB5D4 /* Frameworks */,
				36BDBD5B2A16222D004EB5D4 /* Resources */,
			);
			buildRules = (
			);
			dependencies = (
				36BDBD5F2A16222D004EB5D4 /* PBXTargetDependency */,
			);
			name = VoyageTests;
			productName = VoyageTests;
			productReference = 36BDBD5D2A16222D004EB5D4 /* VoyageTests.xctest */;
			productType = "com.apple.product-type.bundle.unit-test";
		};
		36BDBD662A16222D004EB5D4 /* VoyageUITests */ = {
			isa = PBXNativeTarget;
			buildConfigurationList = 36BDBD772A16222D004EB5D4 /* Build configuration list for PBXNativeTarget "VoyageUITests" */;
			buildPhases = (
				36BDBD632A16222D004EB5D4 /* Sources */,
				36BDBD642A16222D004EB5D4 /* Frameworks */,
				36BDBD652A16222D004EB5D4 /* Resources */,
			);
			buildRules = (
			);
			dependencies = (
				36BDBD692A16222D004EB5D4 /* PBXTargetDependency */,
			);
			name = VoyageUITests;
			productName = VoyageUITests;
			productReference = 36BDBD672A16222D004EB5D4 /* VoyageUITests.xctest */;
			productType = "com.apple.product-type.bundle.ui-testing";
		};
/* End PBXNativeTarget section */

/* Begin PBXProject section */
		36BDBD3C2A16222B004EB5D4 /* Project object */ = {
			isa = PBXProject;
			attributes = {
				BuildIndependentTargetsInParallel = 1;
				LastSwiftUpdateCheck = 1430;
				LastUpgradeCheck = 1430;
				TargetAttributes = {
					36BDBD432A16222B004EB5D4 = {
						CreatedOnToolsVersion = 14.3;
					};
					36BDBD5C2A16222D004EB5D4 = {
						CreatedOnToolsVersion = 14.3;
						TestTargetID = 36BDBD432A16222B004EB5D4;
					};
					36BDBD662A16222D004EB5D4 = {
						CreatedOnToolsVersion = 14.3;
						TestTargetID = 36BDBD432A16222B004EB5D4;
					};
				};
			};
			buildConfigurationList = 36BDBD3F2A16222B004EB5D4 /* Build configuration list for PBXProject "Voyage" */;
			compatibilityVersion = "Xcode 14.0";
			developmentRegion = en;
			hasScannedForEncodings = 0;
			knownRegions = (
				en,
				Base,
			);
			mainGroup = 36BDBD3B2A16222B004EB5D4;
			productRefGroup = 36BDBD452A16222B004EB5D4 /* Products */;
			projectDirPath = "";
			projectRoot = "";
			targets = (
				36BDBD432A16222B004EB5D4 /* Voyage */,
				36BDBD5C2A16222D004EB5D4 /* VoyageTests */,
				36BDBD662A16222D004EB5D4 /* VoyageUITests */,
			);
		};
/* End PBXProject section */

/* Begin PBXResourcesBuildPhase section */
		36BDBD422A16222B004EB5D4 /* Resources */ = {
			isa = PBXResourcesBuildPhase;
			buildActionMask = 2147483647;
			files = (
				36BDBD572A16222D004EB5D4 /* LaunchScreen.storyboard in Resources */,
				36BDBD542A16222D004EB5D4 /* Assets.xcassets in Resources */,
				36BDBD4F2A16222B004EB5D4 /* Main.storyboard in Resources */,
			);
			runOnlyForDeploymentPostprocessing = 0;
		};
		36BDBD5B2A16222D004EB5D4 /* Resources */ = {
			isa = PBXResourcesBuildPhase;
			buildActionMask = 2147483647;
			files = (
			);
			runOnlyForDeploymentPostprocessing = 0;
		};
		36BDBD652A16222D004EB5D4 /* Resources */ = {
			isa = PBXResourcesBuildPhase;
			buildActionMask = 2147483647;
			files = (
			);
			runOnlyForDeploymentPostprocessing = 0;
		};
/* End PBXResourcesBuildPhase section */

/* Begin PBXSourcesBuildPhase section */
		36BDBD402A16222B004EB5D4 /* Sources */ = {
			isa = PBXSourcesBuildPhase;
			buildActionMask = 2147483647;
			files = (
				3653F8142A3B0A1F007BE076 /* ExchangeData.swift in Sources */,
				36BDBD4C2A16222B004EB5D4 /* ViewController.swift in Sources */,
				36BDBD482A16222B004EB5D4 /* AppDelegate.swift in Sources */,
				3653F8122A39C022007BE076 /* ExchangeManager.swift in Sources */,
				36050F652A3213BF00D6670F /* WeatherManager.swift in Sources */,
				36BDBD522A16222B004EB5D4 /* Voyage.xcdatamodeld in Sources */,
				36050F692A322B4B00D6670F /* WeatherModel.swift in Sources */,
				36BDBD882A163EE9004EB5D4 /* TranslateTableViewController.swift in Sources */,
				36A8B24E2A600E39005218CA /* TranslateManager.swift in Sources */,
				365591D72A3EF7ED00B390CC /* ExchangeModel.swift in Sources */,
				36252E912A30E89E0054392F /* WeatherViewController.swift in Sources */,
				36BDBD862A163ED2004EB5D4 /* ExchangeViewController.swift in Sources */,
				36050F672A3221A100D6670F /* WeatherData.swift in Sources */,
				36BDBD4A2A16222B004EB5D4 /* SceneDelegate.swift in Sources */,
			);
			runOnlyForDeploymentPostprocessing = 0;
		};
		36BDBD592A16222D004EB5D4 /* Sources */ = {
			isa = PBXSourcesBuildPhase;
			buildActionMask = 2147483647;
			files = (
				36BDBD622A16222D004EB5D4 /* VoyageTests.swift in Sources */,
			);
			runOnlyForDeploymentPostprocessing = 0;
		};
		36BDBD632A16222D004EB5D4 /* Sources */ = {
			isa = PBXSourcesBuildPhase;
			buildActionMask = 2147483647;
			files = (
				36BDBD6C2A16222D004EB5D4 /* VoyageUITests.swift in Sources */,
				36BDBD6E2A16222D004EB5D4 /* VoyageUITestsLaunchTests.swift in Sources */,
			);
			runOnlyForDeploymentPostprocessing = 0;
		};
/* End PBXSourcesBuildPhase section */

/* Begin PBXTargetDependency section */
		36BDBD5F2A16222D004EB5D4 /* PBXTargetDependency */ = {
			isa = PBXTargetDependency;
			target = 36BDBD432A16222B004EB5D4 /* Voyage */;
			targetProxy = 36BDBD5E2A16222D004EB5D4 /* PBXContainerItemProxy */;
		};
		36BDBD692A16222D004EB5D4 /* PBXTargetDependency */ = {
			isa = PBXTargetDependency;
			target = 36BDBD432A16222B004EB5D4 /* Voyage */;
			targetProxy = 36BDBD682A16222D004EB5D4 /* PBXContainerItemProxy */;
		};
/* End PBXTargetDependency section */

/* Begin PBXVariantGroup section */
		36BDBD4D2A16222B004EB5D4 /* Main.storyboard */ = {
			isa = PBXVariantGroup;
			children = (
				36BDBD4E2A16222B004EB5D4 /* Base */,
			);
			name = Main.storyboard;
			sourceTree = "<group>";
		};
		36BDBD552A16222D004EB5D4 /* LaunchScreen.storyboard */ = {
			isa = PBXVariantGroup;
			children = (
				36BDBD562A16222D004EB5D4 /* Base */,
			);
			name = LaunchScreen.storyboard;
			sourceTree = "<group>";
		};
/* End PBXVariantGroup section */

/* Begin XCBuildConfiguration section */
		36BDBD6F2A16222D004EB5D4 /* Debug */ = {
			isa = XCBuildConfiguration;
			buildSettings = {
				ALWAYS_SEARCH_USER_PATHS = NO;
				CLANG_ANALYZER_NONNULL = YES;
				CLANG_ANALYZER_NUMBER_OBJECT_CONVERSION = YES_AGGRESSIVE;
				CLANG_CXX_LANGUAGE_STANDARD = "gnu++20";
				CLANG_ENABLE_MODULES = YES;
				CLANG_ENABLE_OBJC_ARC = YES;
				CLANG_ENABLE_OBJC_WEAK = YES;
				CLANG_WARN_BLOCK_CAPTURE_AUTORELEASING = YES;
				CLANG_WARN_BOOL_CONVERSION = YES;
				CLANG_WARN_COMMA = YES;
				CLANG_WARN_CONSTANT_CONVERSION = YES;
				CLANG_WARN_DEPRECATED_OBJC_IMPLEMENTATIONS = YES;
				CLANG_WARN_DIRECT_OBJC_ISA_USAGE = YES_ERROR;
				CLANG_WARN_DOCUMENTATION_COMMENTS = YES;
				CLANG_WARN_EMPTY_BODY = YES;
				CLANG_WARN_ENUM_CONVERSION = YES;
				CLANG_WARN_INFINITE_RECURSION = YES;
				CLANG_WARN_INT_CONVERSION = YES;
				CLANG_WARN_NON_LITERAL_NULL_CONVERSION = YES;
				CLANG_WARN_OBJC_IMPLICIT_RETAIN_SELF = YES;
				CLANG_WARN_OBJC_LITERAL_CONVERSION = YES;
				CLANG_WARN_OBJC_ROOT_CLASS = YES_ERROR;
				CLANG_WARN_QUOTED_INCLUDE_IN_FRAMEWORK_HEADER = YES;
				CLANG_WARN_RANGE_LOOP_ANALYSIS = YES;
				CLANG_WARN_STRICT_PROTOTYPES = YES;
				CLANG_WARN_SUSPICIOUS_MOVE = YES;
				CLANG_WARN_UNGUARDED_AVAILABILITY = YES_AGGRESSIVE;
				CLANG_WARN_UNREACHABLE_CODE = YES;
				CLANG_WARN__DUPLICATE_METHOD_MATCH = YES;
				COPY_PHASE_STRIP = NO;
				DEBUG_INFORMATION_FORMAT = dwarf;
				ENABLE_STRICT_OBJC_MSGSEND = YES;
				ENABLE_TESTABILITY = YES;
				GCC_C_LANGUAGE_STANDARD = gnu11;
				GCC_DYNAMIC_NO_PIC = NO;
				GCC_NO_COMMON_BLOCKS = YES;
				GCC_OPTIMIZATION_LEVEL = 0;
				GCC_PREPROCESSOR_DEFINITIONS = (
					"DEBUG=1",
					"$(inherited)",
				);
				GCC_WARN_64_TO_32_BIT_CONVERSION = YES;
				GCC_WARN_ABOUT_RETURN_TYPE = YES_ERROR;
				GCC_WARN_UNDECLARED_SELECTOR = YES;
				GCC_WARN_UNINITIALIZED_AUTOS = YES_AGGRESSIVE;
				GCC_WARN_UNUSED_FUNCTION = YES;
				GCC_WARN_UNUSED_VARIABLE = YES;
				IPHONEOS_DEPLOYMENT_TARGET = 16.4;
				MTL_ENABLE_DEBUG_INFO = INCLUDE_SOURCE;
				MTL_FAST_MATH = YES;
				ONLY_ACTIVE_ARCH = YES;
				SDKROOT = iphoneos;
				SWIFT_ACTIVE_COMPILATION_CONDITIONS = DEBUG;
				SWIFT_OPTIMIZATION_LEVEL = "-Onone";
			};
			name = Debug;
		};
		36BDBD702A16222D004EB5D4 /* Release */ = {
			isa = XCBuildConfiguration;
			buildSettings = {
				ALWAYS_SEARCH_USER_PATHS = NO;
				CLANG_ANALYZER_NONNULL = YES;
				CLANG_ANALYZER_NUMBER_OBJECT_CONVERSION = YES_AGGRESSIVE;
				CLANG_CXX_LANGUAGE_STANDARD = "gnu++20";
				CLANG_ENABLE_MODULES = YES;
				CLANG_ENABLE_OBJC_ARC = YES;
				CLANG_ENABLE_OBJC_WEAK = YES;
				CLANG_WARN_BLOCK_CAPTURE_AUTORELEASING = YES;
				CLANG_WARN_BOOL_CONVERSION = YES;
				CLANG_WARN_COMMA = YES;
				CLANG_WARN_CONSTANT_CONVERSION = YES;
				CLANG_WARN_DEPRECATED_OBJC_IMPLEMENTATIONS = YES;
				CLANG_WARN_DIRECT_OBJC_ISA_USAGE = YES_ERROR;
				CLANG_WARN_DOCUMENTATION_COMMENTS = YES;
				CLANG_WARN_EMPTY_BODY = YES;
				CLANG_WARN_ENUM_CONVERSION = YES;
				CLANG_WARN_INFINITE_RECURSION = YES;
				CLANG_WARN_INT_CONVERSION = YES;
				CLANG_WARN_NON_LITERAL_NULL_CONVERSION = YES;
				CLANG_WARN_OBJC_IMPLICIT_RETAIN_SELF = YES;
				CLANG_WARN_OBJC_LITERAL_CONVERSION = YES;
				CLANG_WARN_OBJC_ROOT_CLASS = YES_ERROR;
				CLANG_WARN_QUOTED_INCLUDE_IN_FRAMEWORK_HEADER = YES;
				CLANG_WARN_RANGE_LOOP_ANALYSIS = YES;
				CLANG_WARN_STRICT_PROTOTYPES = YES;
				CLANG_WARN_SUSPICIOUS_MOVE = YES;
				CLANG_WARN_UNGUARDED_AVAILABILITY = YES_AGGRESSIVE;
				CLANG_WARN_UNREACHABLE_CODE = YES;
				CLANG_WARN__DUPLICATE_METHOD_MATCH = YES;
				COPY_PHASE_STRIP = NO;
				DEBUG_INFORMATION_FORMAT = "dwarf-with-dsym";
				ENABLE_NS_ASSERTIONS = NO;
				ENABLE_STRICT_OBJC_MSGSEND = YES;
				GCC_C_LANGUAGE_STANDARD = gnu11;
				GCC_NO_COMMON_BLOCKS = YES;
				GCC_WARN_64_TO_32_BIT_CONVERSION = YES;
				GCC_WARN_ABOUT_RETURN_TYPE = YES_ERROR;
				GCC_WARN_UNDECLARED_SELECTOR = YES;
				GCC_WARN_UNINITIALIZED_AUTOS = YES_AGGRESSIVE;
				GCC_WARN_UNUSED_FUNCTION = YES;
				GCC_WARN_UNUSED_VARIABLE = YES;
				IPHONEOS_DEPLOYMENT_TARGET = 16.4;
				MTL_ENABLE_DEBUG_INFO = NO;
				MTL_FAST_MATH = YES;
				SDKROOT = iphoneos;
				SWIFT_COMPILATION_MODE = wholemodule;
				SWIFT_OPTIMIZATION_LEVEL = "-O";
				VALIDATE_PRODUCT = YES;
			};
			name = Release;
		};
		36BDBD722A16222D004EB5D4 /* Debug */ = {
			isa = XCBuildConfiguration;
			buildSettings = {
				ASSETCATALOG_COMPILER_APPICON_NAME = AppIcon;
				ASSETCATALOG_COMPILER_GLOBAL_ACCENT_COLOR_NAME = AccentColor;
				CODE_SIGN_STYLE = Automatic;
				CURRENT_PROJECT_VERSION = 1;
				DEVELOPMENT_TEAM = 5FZ8ZXZS35;
				GENERATE_INFOPLIST_FILE = YES;
				INFOPLIST_FILE = Voyage/Info.plist;
				INFOPLIST_KEY_UIApplicationSupportsIndirectInputEvents = YES;
				INFOPLIST_KEY_UILaunchStoryboardName = LaunchScreen;
				INFOPLIST_KEY_UIMainStoryboardFile = Main;
				INFOPLIST_KEY_UISupportedInterfaceOrientations = "UIInterfaceOrientationLandscapeLeft UIInterfaceOrientationLandscapeRight UIInterfaceOrientationPortrait";
				INFOPLIST_KEY_UISupportedInterfaceOrientations_iPad = UIInterfaceOrientationLandscapeRight;
				LD_RUNPATH_SEARCH_PATHS = (
					"$(inherited)",
					"@executable_path/Frameworks",
				);
				MARKETING_VERSION = 1.0;
				PRODUCT_BUNDLE_IDENTIFIER = fr.tlilihamdi.Voyage;
				PRODUCT_NAME = "$(TARGET_NAME)";
				SWIFT_EMIT_LOC_STRINGS = YES;
				SWIFT_VERSION = 5.0;
				TARGETED_DEVICE_FAMILY = "1,2";
			};
			name = Debug;
		};
		36BDBD732A16222D004EB5D4 /* Release */ = {
			isa = XCBuildConfiguration;
			buildSettings = {
				ASSETCATALOG_COMPILER_APPICON_NAME = AppIcon;
				ASSETCATALOG_COMPILER_GLOBAL_ACCENT_COLOR_NAME = AccentColor;
				CODE_SIGN_STYLE = Automatic;
				CURRENT_PROJECT_VERSION = 1;
				DEVELOPMENT_TEAM = 5FZ8ZXZS35;
				GENERATE_INFOPLIST_FILE = YES;
				INFOPLIST_FILE = Voyage/Info.plist;
				INFOPLIST_KEY_UIApplicationSupportsIndirectInputEvents = YES;
				INFOPLIST_KEY_UILaunchStoryboardName = LaunchScreen;
				INFOPLIST_KEY_UIMainStoryboardFile = Main;
				INFOPLIST_KEY_UISupportedInterfaceOrientations = "UIInterfaceOrientationLandscapeLeft UIInterfaceOrientationLandscapeRight UIInterfaceOrientationPortrait";
				INFOPLIST_KEY_UISupportedInterfaceOrientations_iPad = UIInterfaceOrientationLandscapeRight;
				LD_RUNPATH_SEARCH_PATHS = (
					"$(inherited)",
					"@executable_path/Frameworks",
				);
				MARKETING_VERSION = 1.0;
				PRODUCT_BUNDLE_IDENTIFIER = fr.tlilihamdi.Voyage;
				PRODUCT_NAME = "$(TARGET_NAME)";
				SWIFT_EMIT_LOC_STRINGS = YES;
				SWIFT_VERSION = 5.0;
				TARGETED_DEVICE_FAMILY = "1,2";
			};
			name = Release;
		};
		36BDBD752A16222D004EB5D4 /* Debug */ = {
			isa = XCBuildConfiguration;
			buildSettings = {
				ALWAYS_EMBED_SWIFT_STANDARD_LIBRARIES = YES;
				BUNDLE_LOADER = "$(TEST_HOST)";
				CODE_SIGN_STYLE = Automatic;
				CURRENT_PROJECT_VERSION = 1;
				DEVELOPMENT_TEAM = 5FZ8ZXZS35;
				GENERATE_INFOPLIST_FILE = YES;
				IPHONEOS_DEPLOYMENT_TARGET = 16.4;
				MARKETING_VERSION = 1.0;
				PRODUCT_BUNDLE_IDENTIFIER = fr.tlilihamdi.VoyageTests;
				PRODUCT_NAME = "$(TARGET_NAME)";
				SWIFT_EMIT_LOC_STRINGS = NO;
				SWIFT_VERSION = 5.0;
				TARGETED_DEVICE_FAMILY = "1,2";
				TEST_HOST = "$(BUILT_PRODUCTS_DIR)/Voyage.app/$(BUNDLE_EXECUTABLE_FOLDER_PATH)/Voyage";
			};
			name = Debug;
		};
		36BDBD762A16222D004EB5D4 /* Release */ = {
			isa = XCBuildConfiguration;
			buildSettings = {
				ALWAYS_EMBED_SWIFT_STANDARD_LIBRARIES = YES;
				BUNDLE_LOADER = "$(TEST_HOST)";
				CODE_SIGN_STYLE = Automatic;
				CURRENT_PROJECT_VERSION = 1;
				DEVELOPMENT_TEAM = 5FZ8ZXZS35;
				GENERATE_INFOPLIST_FILE = YES;
				IPHONEOS_DEPLOYMENT_TARGET = 16.4;
				MARKETING_VERSION = 1.0;
				PRODUCT_BUNDLE_IDENTIFIER = fr.tlilihamdi.VoyageTests;
				PRODUCT_NAME = "$(TARGET_NAME)";
				SWIFT_EMIT_LOC_STRINGS = NO;
				SWIFT_VERSION = 5.0;
				TARGETED_DEVICE_FAMILY = "1,2";
				TEST_HOST = "$(BUILT_PRODUCTS_DIR)/Voyage.app/$(BUNDLE_EXECUTABLE_FOLDER_PATH)/Voyage";
			};
			name = Release;
		};
		36BDBD782A16222D004EB5D4 /* Debug */ = {
			isa = XCBuildConfiguration;
			buildSettings = {
				ALWAYS_EMBED_SWIFT_STANDARD_LIBRARIES = YES;
				CODE_SIGN_STYLE = Automatic;
				CURRENT_PROJECT_VERSION = 1;
				DEVELOPMENT_TEAM = 5FZ8ZXZS35;
				GENERATE_INFOPLIST_FILE = YES;
				MARKETING_VERSION = 1.0;
				PRODUCT_BUNDLE_IDENTIFIER = fr.tlilihamdi.VoyageUITests;
				PRODUCT_NAME = "$(TARGET_NAME)";
				SWIFT_EMIT_LOC_STRINGS = NO;
				SWIFT_VERSION = 5.0;
				TARGETED_DEVICE_FAMILY = "1,2";
				TEST_TARGET_NAME = Voyage;
			};
			name = Debug;
		};
		36BDBD792A16222D004EB5D4 /* Release */ = {
			isa = XCBuildConfiguration;
			buildSettings = {
				ALWAYS_EMBED_SWIFT_STANDARD_LIBRARIES = YES;
				CODE_SIGN_STYLE = Automatic;
				CURRENT_PROJECT_VERSION = 1;
				DEVELOPMENT_TEAM = 5FZ8ZXZS35;
				GENERATE_INFOPLIST_FILE = YES;
				MARKETING_VERSION = 1.0;
				PRODUCT_BUNDLE_IDENTIFIER = fr.tlilihamdi.VoyageUITests;
				PRODUCT_NAME = "$(TARGET_NAME)";
				SWIFT_EMIT_LOC_STRINGS = NO;
				SWIFT_VERSION = 5.0;
				TARGETED_DEVICE_FAMILY = "1,2";
				TEST_TARGET_NAME = Voyage;
			};
			name = Release;
		};
/* End XCBuildConfiguration section */

/* Begin XCConfigurationList section */
		36BDBD3F2A16222B004EB5D4 /* Build configuration list for PBXProject "Voyage" */ = {
			isa = XCConfigurationList;
			buildConfigurations = (
				36BDBD6F2A16222D004EB5D4 /* Debug */,
				36BDBD702A16222D004EB5D4 /* Release */,
			);
			defaultConfigurationIsVisible = 0;
			defaultConfigurationName = Release;
		};
		36BDBD712A16222D004EB5D4 /* Build configuration list for PBXNativeTarget "Voyage" */ = {
			isa = XCConfigurationList;
			buildConfigurations = (
				36BDBD722A16222D004EB5D4 /* Debug */,
				36BDBD732A16222D004EB5D4 /* Release */,
			);
			defaultConfigurationIsVisible = 0;
			defaultConfigurationName = Release;
		};
		36BDBD742A16222D004EB5D4 /* Build configuration list for PBXNativeTarget "VoyageTests" */ = {
			isa = XCConfigurationList;
			buildConfigurations = (
				36BDBD752A16222D004EB5D4 /* Debug */,
				36BDBD762A16222D004EB5D4 /* Release */,
			);
			defaultConfigurationIsVisible = 0;
			defaultConfigurationName = Release;
		};
		36BDBD772A16222D004EB5D4 /* Build configuration list for PBXNativeTarget "VoyageUITests" */ = {
			isa = XCConfigurationList;
			buildConfigurations = (
				36BDBD782A16222D004EB5D4 /* Debug */,
				36BDBD792A16222D004EB5D4 /* Release */,
			);
			defaultConfigurationIsVisible = 0;
			defaultConfigurationName = Release;
		};
/* End XCConfigurationList section */

/* Begin XCVersionGroup section */
		36BDBD502A16222B004EB5D4 /* Voyage.xcdatamodeld */ = {
			isa = XCVersionGroup;
			children = (
				36BDBD512A16222B004EB5D4 /* Voyage.xcdatamodel */,
			);
			currentVersion = 36BDBD512A16222B004EB5D4 /* Voyage.xcdatamodel */;
			path = Voyage.xcdatamodeld;
			sourceTree = "<group>";
			versionGroupType = wrapper.xcdatamodel;
		};
/* End XCVersionGroup section */
	};
	rootObject = 36BDBD3C2A16222B004EB5D4 /* Project object */;
}
